
Microsoft Visual Studio Solution File, Format Version 12.00
# Visual Studio Version 16
VisualStudioVersion = 16.0.30320.27
MinimumVisualStudioVersion = 10.0.40219.1
Project("{FAE04EC0-301F-11D3-BF4B-00C04F79EFBC}") = "myMLApp", "myMLApp\myMLApp.csproj", "{CAE2B6AC-DCA3-48B2-939C-581C048771CA}"
EndProject
Project("{9A19103F-16F7-4668-BE54-9A1E7A4F7556}") = "myMLAppML.Model", "myMLAppML.Model\myMLAppML.Model.csproj", "{646228C1-6F9B-42A9-8631-B07171C5019C}"
EndProject
Project("{9A19103F-16F7-4668-BE54-9A1E7A4F7556}") = "myMLAppML.ConsoleApp", "myMLAppML.ConsoleApp\myMLAppML.ConsoleApp.csproj", "{AE18614A-8900-4DB8-BB3B-1B259F31EAE2}"
EndProject
Global
	GlobalSection(SolutionConfigurationPlatforms) = preSolution
		Debug|Any CPU = Debug|Any CPU
		Release|Any CPU = Release|Any CPU
	EndGlobalSection
	GlobalSection(ProjectConfigurationPlatforms) = postSolution
		{CAE2B6AC-DCA3-48B2-939C-581C048771CA}.Debug|Any CPU.ActiveCfg = Debug|Any CPU
		{CAE2B6AC-DCA3-48B2-939C-581C048771CA}.Debug|Any CPU.Build.0 = Debug|Any CPU
		{CAE2B6AC-DCA3-48B2-939C-581C048771CA}.Release|Any CPU.ActiveCfg = Release|Any CPU
		{CAE2B6AC-DCA3-48B2-939C-581C048771CA}.Release|Any CPU.Build.0 = Release|Any CPU
		{646228C1-6F9B-42A9-8631-B07171C5019C}.Debug|Any CPU.ActiveCfg = Debug|Any CPU
		{646228C1-6F9B-42A9-8631-B07171C5019C}.Debug|Any CPU.Build.0 = Debug|Any CPU
		{646228C1-6F9B-42A9-8631-B07171C5019C}.Release|Any CPU.ActiveCfg = Release|Any CPU
		{646228C1-6F9B-42A9-8631-B07171C5019C}.Release|Any CPU.Build.0 = Release|Any CPU
		{AE18614A-8900-4DB8-BB3B-1B259F31EAE2}.Debug|Any CPU.ActiveCfg = Debug|Any CPU
		{AE18614A-8900-4DB8-BB3B-1B259F31EAE2}.Debug|Any CPU.Build.0 = Debug|Any CPU
		{AE18614A-8900-4DB8-BB3B-1B259F31EAE2}.Release|Any CPU.ActiveCfg = Release|Any CPU
		{AE18614A-8900-4DB8-BB3B-1B259F31EAE2}.Release|Any CPU.Build.0 = Release|Any CPU
	EndGlobalSection
	GlobalSection(SolutionProperties) = preSolution
		HideSolutionNode = FALSE
	EndGlobalSection
	GlobalSection(ExtensibilityGlobals) = postSolution
		SolutionGuid = {DCFFF4D4-ADC8-47C3-94D0-D2756860C3F6}
	EndGlobalSection
EndGlobal
